// !$*UTF8*$!
{
	archiveVersion = 1;
	classes = {
	};
	objectVersion = 55;
	objects = {

/* Begin PBXBuildFile section */
		B6323CDE28A6D16A00E1C1AE /* VerificationButton.swift in Sources */ = {isa = PBXBuildFile; fileRef = B6323CDD28A6D16A00E1C1AE /* VerificationButton.swift */; };
		B6323CE028A6D48E00E1C1AE /* MailCollectionView.swift in Sources */ = {isa = PBXBuildFile; fileRef = B6323CDF28A6D48E00E1C1AE /* MailCollectionView.swift */; };
		B6323CE328A6D77F00E1C1AE /* MailCollectionViewCell.swift in Sources */ = {isa = PBXBuildFile; fileRef = B6323CE228A6D77F00E1C1AE /* MailCollectionViewCell.swift */; };
		B69BFD1B28A7D8BB00DDA9C1 /* VerificationModel.swift in Sources */ = {isa = PBXBuildFile; fileRef = B69BFD1A28A7D8BB00DDA9C1 /* VerificationModel.swift */; };
		B6A15F1F28A9202D00F7B43D /* String + Extensions.swift in Sources */ = {isa = PBXBuildFile; fileRef = B6A15F1E28A9202D00F7B43D /* String + Extensions.swift */; };
		B6C4A48028A549680077DAA3 /* AppDelegate.swift in Sources */ = {isa = PBXBuildFile; fileRef = B6C4A47F28A549680077DAA3 /* AppDelegate.swift */; };
		B6C4A48228A549680077DAA3 /* SceneDelegate.swift in Sources */ = {isa = PBXBuildFile; fileRef = B6C4A48128A549680077DAA3 /* SceneDelegate.swift */; };
		B6C4A48428A549680077DAA3 /* ViewController.swift in Sources */ = {isa = PBXBuildFile; fileRef = B6C4A48328A549680077DAA3 /* ViewController.swift */; };
		B6C4A48728A549680077DAA3 /* Main.storyboard in Resources */ = {isa = PBXBuildFile; fileRef = B6C4A48528A549680077DAA3 /* Main.storyboard */; };
		B6C4A48928A5496B0077DAA3 /* Assets.xcassets in Resources */ = {isa = PBXBuildFile; fileRef = B6C4A48828A5496B0077DAA3 /* Assets.xcassets */; };
		B6C4A48C28A5496B0077DAA3 /* LaunchScreen.storyboard in Resources */ = {isa = PBXBuildFile; fileRef = B6C4A48A28A5496B0077DAA3 /* LaunchScreen.storyboard */; };
		B6C4A49A28A5698C0077DAA3 /* sea.jpeg in Resources */ = {isa = PBXBuildFile; fileRef = B6C4A49928A5698C0077DAA3 /* sea.jpeg */; };
		B6C4A49C28A587710077DAA3 /* StatusLabel.swift in Sources */ = {isa = PBXBuildFile; fileRef = B6C4A49B28A587710077DAA3 /* StatusLabel.swift */; };
		B6C4A4A128A58F610077DAA3 /* UIStackView + Extensions.swift in Sources */ = {isa = PBXBuildFile; fileRef = B6C4A4A028A58F610077DAA3 /* UIStackView + Extensions.swift */; };
		B6C4A4A328A592320077DAA3 /* MailTextField.swift in Sources */ = {isa = PBXBuildFile; fileRef = B6C4A4A228A592320077DAA3 /* MailTextField.swift */; };
/* End PBXBuildFile section */

/* Begin PBXFileReference section */
		B6323CDD28A6D16A00E1C1AE /* VerificationButton.swift */ = {isa = PBXFileReference; lastKnownFileType = sourcecode.swift; path = VerificationButton.swift; sourceTree = "<group>"; };
		B6323CDF28A6D48E00E1C1AE /* MailCollectionView.swift */ = {isa = PBXFileReference; lastKnownFileType = sourcecode.swift; path = MailCollectionView.swift; sourceTree = "<group>"; };
		B6323CE228A6D77F00E1C1AE /* MailCollectionViewCell.swift */ = {isa = PBXFileReference; lastKnownFileType = sourcecode.swift; path = MailCollectionViewCell.swift; sourceTree = "<group>"; };
		B69BFD1A28A7D8BB00DDA9C1 /* VerificationModel.swift */ = {isa = PBXFileReference; lastKnownFileType = sourcecode.swift; path = VerificationModel.swift; sourceTree = "<group>"; };
		B6A15F1E28A9202D00F7B43D /* String + Extensions.swift */ = {isa = PBXFileReference; lastKnownFileType = sourcecode.swift; path = "String + Extensions.swift"; sourceTree = "<group>"; };
		B6C4A47C28A549680077DAA3 /* TestMail.app */ = {isa = PBXFileReference; explicitFileType = wrapper.application; includeInIndex = 0; path = TestMail.app; sourceTree = BUILT_PRODUCTS_DIR; };
		B6C4A47F28A549680077DAA3 /* AppDelegate.swift */ = {isa = PBXFileReference; lastKnownFileType = sourcecode.swift; path = AppDelegate.swift; sourceTree = "<group>"; };
		B6C4A48128A549680077DAA3 /* SceneDelegate.swift */ = {isa = PBXFileReference; lastKnownFileType = sourcecode.swift; path = SceneDelegate.swift; sourceTree = "<group>"; };
		B6C4A48328A549680077DAA3 /* ViewController.swift */ = {isa = PBXFileReference; lastKnownFileType = sourcecode.swift; path = ViewController.swift; sourceTree = "<group>"; };
		B6C4A48628A549680077DAA3 /* Base */ = {isa = PBXFileReference; lastKnownFileType = file.storyboard; name = Base; path = Base.lproj/Main.storyboard; sourceTree = "<group>"; };
		B6C4A48828A5496B0077DAA3 /* Assets.xcassets */ = {isa = PBXFileReference; lastKnownFileType = folder.assetcatalog; path = Assets.xcassets; sourceTree = "<group>"; };
		B6C4A48B28A5496B0077DAA3 /* Base */ = {isa = PBXFileReference; lastKnownFileType = file.storyboard; name = Base; path = Base.lproj/LaunchScreen.storyboard; sourceTree = "<group>"; };
		B6C4A48D28A5496B0077DAA3 /* Info.plist */ = {isa = PBXFileReference; lastKnownFileType = text.plist.xml; path = Info.plist; sourceTree = "<group>"; };
		B6C4A49928A5698C0077DAA3 /* sea.jpeg */ = {isa = PBXFileReference; lastKnownFileType = image.jpeg; path = sea.jpeg; sourceTree = "<group>"; };
		B6C4A49B28A587710077DAA3 /* StatusLabel.swift */ = {isa = PBXFileReference; lastKnownFileType = sourcecode.swift; path = StatusLabel.swift; sourceTree = "<group>"; };
		B6C4A4A028A58F610077DAA3 /* UIStackView + Extensions.swift */ = {isa = PBXFileReference; lastKnownFileType = sourcecode.swift; path = "UIStackView + Extensions.swift"; sourceTree = "<group>"; };
		B6C4A4A228A592320077DAA3 /* MailTextField.swift */ = {isa = PBXFileReference; lastKnownFileType = sourcecode.swift; path = MailTextField.swift; sourceTree = "<group>"; };
/* End PBXFileReference section */

/* Begin PBXFrameworksBuildPhase section */
		B6C4A47928A549680077DAA3 /* Frameworks */ = {
			isa = PBXFrameworksBuildPhase;
			buildActionMask = 2147483647;
			files = (
			);
			runOnlyForDeploymentPostprocessing = 0;
		};
/* End PBXFrameworksBuildPhase section */

/* Begin PBXGroup section */
		B6323CE128A6D75C00E1C1AE /* Cells */ = {
			isa = PBXGroup;
			children = (
				B6323CE228A6D77F00E1C1AE /* MailCollectionViewCell.swift */,
			);
			path = Cells;
			sourceTree = "<group>";
		};
		B6323CE428A6DCCE00E1C1AE /* VerificationVC */ = {
			isa = PBXGroup;
			children = (
				B6C4A49B28A587710077DAA3 /* StatusLabel.swift */,
				B6C4A4A228A592320077DAA3 /* MailTextField.swift */,
				B6323CDD28A6D16A00E1C1AE /* VerificationButton.swift */,
				B6323CDF28A6D48E00E1C1AE /* MailCollectionView.swift */,
			);
			path = VerificationVC;
			sourceTree = "<group>";
		};
		B6C4A47328A549680077DAA3 = {
			isa = PBXGroup;
			children = (
				B6C4A47E28A549680077DAA3 /* TestMail */,
				B6C4A47D28A549680077DAA3 /* Products */,
			);
			sourceTree = "<group>";
		};
		B6C4A47D28A549680077DAA3 /* Products */ = {
			isa = PBXGroup;
			children = (
				B6C4A47C28A549680077DAA3 /* TestMail.app */,
			);
			name = Products;
			sourceTree = "<group>";
		};
		B6C4A47E28A549680077DAA3 /* TestMail */ = {
			isa = PBXGroup;
			children = (
				B6C4A49328A54E7A0077DAA3 /* Application */,
				B6C4A49428A54EDB0077DAA3 /* Models */,
				B6C4A49728A55BAB0077DAA3 /* Views */,
				B6C4A49628A54EE90077DAA3 /* Controllers */,
				B6C4A49828A55C150077DAA3 /* Resources */,
				B6C4A49D28A58ECC0077DAA3 /* Extensions */,
				B6C4A48528A549680077DAA3 /* Main.storyboard */,
			);
			path = TestMail;
			sourceTree = "<group>";
		};
		B6C4A49328A54E7A0077DAA3 /* Application */ = {
			isa = PBXGroup;
			children = (
				B6C4A47F28A549680077DAA3 /* AppDelegate.swift */,
				B6C4A48128A549680077DAA3 /* SceneDelegate.swift */,
			);
			path = Application;
			sourceTree = "<group>";
		};
		B6C4A49428A54EDB0077DAA3 /* Models */ = {
			isa = PBXGroup;
			children = (
				B69BFD1A28A7D8BB00DDA9C1 /* VerificationModel.swift */,
			);
			path = Models;
			sourceTree = "<group>";
		};
		B6C4A49628A54EE90077DAA3 /* Controllers */ = {
			isa = PBXGroup;
			children = (
				B6C4A48328A549680077DAA3 /* ViewController.swift */,
			);
			path = Controllers;
			sourceTree = "<group>";
		};
		B6C4A49728A55BAB0077DAA3 /* Views */ = {
			isa = PBXGroup;
			children = (
				B6323CE128A6D75C00E1C1AE /* Cells */,
				B6323CE428A6DCCE00E1C1AE /* VerificationVC */,
			);
			path = Views;
			sourceTree = "<group>";
		};
		B6C4A49828A55C150077DAA3 /* Resources */ = {
			isa = PBXGroup;
			children = (
				B6C4A48828A5496B0077DAA3 /* Assets.xcassets */,
				B6C4A49928A5698C0077DAA3 /* sea.jpeg */,
				B6C4A48A28A5496B0077DAA3 /* LaunchScreen.storyboard */,
				B6C4A48D28A5496B0077DAA3 /* Info.plist */,
			);
			path = Resources;
			sourceTree = "<group>";
		};
		B6C4A49D28A58ECC0077DAA3 /* Extensions */ = {
			isa = PBXGroup;
			children = (
				B6C4A49F28A58F310077DAA3 /* UIKit */,
				B6A15F1E28A9202D00F7B43D /* String + Extensions.swift */,
			);
			path = Extensions;
			sourceTree = "<group>";
		};
		B6C4A49F28A58F310077DAA3 /* UIKit */ = {
			isa = PBXGroup;
			children = (
				B6C4A4A028A58F610077DAA3 /* UIStackView + Extensions.swift */,
			);
			path = UIKit;
			sourceTree = "<group>";
		};
/* End PBXGroup section */

/* Begin PBXNativeTarget section */
		B6C4A47B28A549680077DAA3 /* TestMail */ = {
			isa = PBXNativeTarget;
			buildConfigurationList = B6C4A49028A5496B0077DAA3 /* Build configuration list for PBXNativeTarget "TestMail" */;
			buildPhases = (
				B6C4A47828A549680077DAA3 /* Sources */,
				B6C4A47928A549680077DAA3 /* Frameworks */,
				B6C4A47A28A549680077DAA3 /* Resources */,
			);
			buildRules = (
			);
			dependencies = (
			);
			name = TestMail;
			productName = TestMail;
			productReference = B6C4A47C28A549680077DAA3 /* TestMail.app */;
			productType = "com.apple.product-type.application";
		};
/* End PBXNativeTarget section */

/* Begin PBXProject section */
		B6C4A47428A549680077DAA3 /* Project object */ = {
			isa = PBXProject;
			attributes = {
				BuildIndependentTargetsInParallel = 1;
				LastSwiftUpdateCheck = 1340;
				LastUpgradeCheck = 1340;
				TargetAttributes = {
					B6C4A47B28A549680077DAA3 = {
						CreatedOnToolsVersion = 13.4;
					};
				};
			};
			buildConfigurationList = B6C4A47728A549680077DAA3 /* Build configuration list for PBXProject "TestMail" */;
			compatibilityVersion = "Xcode 13.0";
			developmentRegion = en;
			hasScannedForEncodings = 0;
			knownRegions = (
				en,
				Base,
			);
			mainGroup = B6C4A47328A549680077DAA3;
			productRefGroup = B6C4A47D28A549680077DAA3 /* Products */;
			projectDirPath = "";
			projectRoot = "";
			targets = (
				B6C4A47B28A549680077DAA3 /* TestMail */,
			);
		};
/* End PBXProject section */

/* Begin PBXResourcesBuildPhase section */
		B6C4A47A28A549680077DAA3 /* Resources */ = {
			isa = PBXResourcesBuildPhase;
			buildActionMask = 2147483647;
			files = (
				B6C4A48C28A5496B0077DAA3 /* LaunchScreen.storyboard in Resources */,
				B6C4A49A28A5698C0077DAA3 /* sea.jpeg in Resources */,
				B6C4A48928A5496B0077DAA3 /* Assets.xcassets in Resources */,
				B6C4A48728A549680077DAA3 /* Main.storyboard in Resources */,
			);
			runOnlyForDeploymentPostprocessing = 0;
		};
/* End PBXResourcesBuildPhase section */

/* Begin PBXSourcesBuildPhase section */
		B6C4A47828A549680077DAA3 /* Sources */ = {
			isa = PBXSourcesBuildPhase;
			buildActionMask = 2147483647;
			files = (
				B69BFD1B28A7D8BB00DDA9C1 /* VerificationModel.swift in Sources */,
				B6C4A49C28A587710077DAA3 /* StatusLabel.swift in Sources */,
				B6323CE328A6D77F00E1C1AE /* MailCollectionViewCell.swift in Sources */,
				B6323CDE28A6D16A00E1C1AE /* VerificationButton.swift in Sources */,
				B6C4A48428A549680077DAA3 /* ViewController.swift in Sources */,
				B6A15F1F28A9202D00F7B43D /* String + Extensions.swift in Sources */,
				B6C4A4A328A592320077DAA3 /* MailTextField.swift in Sources */,
				B6C4A48028A549680077DAA3 /* AppDelegate.swift in Sources */,
				B6323CE028A6D48E00E1C1AE /* MailCollectionView.swift in Sources */,
				B6C4A4A128A58F610077DAA3 /* UIStackView + Extensions.swift in Sources */,
				B6C4A48228A549680077DAA3 /* SceneDelegate.swift in Sources */,
			);
			runOnlyForDeploymentPostprocessing = 0;
		};
/* End PBXSourcesBuildPhase section */

/* Begin PBXVariantGroup section */
		B6C4A48528A549680077DAA3 /* Main.storyboard */ = {
			isa = PBXVariantGroup;
			children = (
				B6C4A48628A549680077DAA3 /* Base */,
			);
			name = Main.storyboard;
			sourceTree = "<group>";
		};
		B6C4A48A28A5496B0077DAA3 /* LaunchScreen.storyboard */ = {
			isa = PBXVariantGroup;
			children = (
				B6C4A48B28A5496B0077DAA3 /* Base */,
			);
			name = LaunchScreen.storyboard;
			sourceTree = "<group>";
		};
/* End PBXVariantGroup section */

/* Begin XCBuildConfiguration section */
		B6C4A48E28A5496B0077DAA3 /* Debug */ = {
			isa = XCBuildConfiguration;
			buildSettings = {
				ALWAYS_SEARCH_USER_PATHS = NO;
				CLANG_ANALYZER_NONNULL = YES;
				CLANG_ANALYZER_NUMBER_OBJECT_CONVERSION = YES_AGGRESSIVE;
				CLANG_CXX_LANGUAGE_STANDARD = "gnu++17";
				CLANG_ENABLE_MODULES = YES;
				CLANG_ENABLE_OBJC_ARC = YES;
				CLANG_ENABLE_OBJC_WEAK = YES;
				CLANG_WARN_BLOCK_CAPTURE_AUTORELEASING = YES;
				CLANG_WARN_BOOL_CONVERSION = YES;
				CLANG_WARN_COMMA = YES;
				CLANG_WARN_CONSTANT_CONVERSION = YES;
				CLANG_WARN_DEPRECATED_OBJC_IMPLEMENTATIONS = YES;
				CLANG_WARN_DIRECT_OBJC_ISA_USAGE = YES_ERROR;
				CLANG_WARN_DOCUMENTATION_COMMENTS = YES;
				CLANG_WARN_EMPTY_BODY = YES;
				CLANG_WARN_ENUM_CONVERSION = YES;
				CLANG_WARN_INFINITE_RECURSION = YES;
				CLANG_WARN_INT_CONVERSION = YES;
				CLANG_WARN_NON_LITERAL_NULL_CONVERSION = YES;
				CLANG_WARN_OBJC_IMPLICIT_RETAIN_SELF = YES;
				CLANG_WARN_OBJC_LITERAL_CONVERSION = YES;
				CLANG_WARN_OBJC_ROOT_CLASS = YES_ERROR;
				CLANG_WARN_QUOTED_INCLUDE_IN_FRAMEWORK_HEADER = YES;
				CLANG_WARN_RANGE_LOOP_ANALYSIS = YES;
				CLANG_WARN_STRICT_PROTOTYPES = YES;
				CLANG_WARN_SUSPICIOUS_MOVE = YES;
				CLANG_WARN_UNGUARDED_AVAILABILITY = YES_AGGRESSIVE;
				CLANG_WARN_UNREACHABLE_CODE = YES;
				CLANG_WARN__DUPLICATE_METHOD_MATCH = YES;
				COPY_PHASE_STRIP = NO;
				DEBUG_INFORMATION_FORMAT = dwarf;
				ENABLE_STRICT_OBJC_MSGSEND = YES;
				ENABLE_TESTABILITY = YES;
				GCC_C_LANGUAGE_STANDARD = gnu11;
				GCC_DYNAMIC_NO_PIC = NO;
				GCC_NO_COMMON_BLOCKS = YES;
				GCC_OPTIMIZATION_LEVEL = 0;
				GCC_PREPROCESSOR_DEFINITIONS = (
					"DEBUG=1",
					"$(inherited)",
				);
				GCC_WARN_64_TO_32_BIT_CONVERSION = YES;
				GCC_WARN_ABOUT_RETURN_TYPE = YES_ERROR;
				GCC_WARN_UNDECLARED_SELECTOR = YES;
				GCC_WARN_UNINITIALIZED_AUTOS = YES_AGGRESSIVE;
				GCC_WARN_UNUSED_FUNCTION = YES;
				GCC_WARN_UNUSED_VARIABLE = YES;
				IPHONEOS_DEPLOYMENT_TARGET = 15.5;
				MTL_ENABLE_DEBUG_INFO = INCLUDE_SOURCE;
				MTL_FAST_MATH = YES;
				ONLY_ACTIVE_ARCH = YES;
				SDKROOT = iphoneos;
				SWIFT_ACTIVE_COMPILATION_CONDITIONS = DEBUG;
				SWIFT_OPTIMIZATION_LEVEL = "-Onone";
			};
			name = Debug;
		};
		B6C4A48F28A5496B0077DAA3 /* Release */ = {
			isa = XCBuildConfiguration;
			buildSettings = {
				ALWAYS_SEARCH_USER_PATHS = NO;
				CLANG_ANALYZER_NONNULL = YES;
				CLANG_ANALYZER_NUMBER_OBJECT_CONVERSION = YES_AGGRESSIVE;
				CLANG_CXX_LANGUAGE_STANDARD = "gnu++17";
				CLANG_ENABLE_MODULES = YES;
				CLANG_ENABLE_OBJC_ARC = YES;
				CLANG_ENABLE_OBJC_WEAK = YES;
				CLANG_WARN_BLOCK_CAPTURE_AUTORELEASING = YES;
				CLANG_WARN_BOOL_CONVERSION = YES;
				CLANG_WARN_COMMA = YES;
				CLANG_WARN_CONSTANT_CONVERSION = YES;
				CLANG_WARN_DEPRECATED_OBJC_IMPLEMENTATIONS = YES;
				CLANG_WARN_DIRECT_OBJC_ISA_USAGE = YES_ERROR;
				CLANG_WARN_DOCUMENTATION_COMMENTS = YES;
				CLANG_WARN_EMPTY_BODY = YES;
				CLANG_WARN_ENUM_CONVERSION = YES;
				CLANG_WARN_INFINITE_RECURSION = YES;
				CLANG_WARN_INT_CONVERSION = YES;
				CLANG_WARN_NON_LITERAL_NULL_CONVERSION = YES;
				CLANG_WARN_OBJC_IMPLICIT_RETAIN_SELF = YES;
				CLANG_WARN_OBJC_LITERAL_CONVERSION = YES;
				CLANG_WARN_OBJC_ROOT_CLASS = YES_ERROR;
				CLANG_WARN_QUOTED_INCLUDE_IN_FRAMEWORK_HEADER = YES;
				CLANG_WARN_RANGE_LOOP_ANALYSIS = YES;
				CLANG_WARN_STRICT_PROTOTYPES = YES;
				CLANG_WARN_SUSPICIOUS_MOVE = YES;
				CLANG_WARN_UNGUARDED_AVAILABILITY = YES_AGGRESSIVE;
				CLANG_WARN_UNREACHABLE_CODE = YES;
				CLANG_WARN__DUPLICATE_METHOD_MATCH = YES;
				COPY_PHASE_STRIP = NO;
				DEBUG_INFORMATION_FORMAT = "dwarf-with-dsym";
				ENABLE_NS_ASSERTIONS = NO;
				ENABLE_STRICT_OBJC_MSGSEND = YES;
				GCC_C_LANGUAGE_STANDARD = gnu11;
				GCC_NO_COMMON_BLOCKS = YES;
				GCC_WARN_64_TO_32_BIT_CONVERSION = YES;
				GCC_WARN_ABOUT_RETURN_TYPE = YES_ERROR;
				GCC_WARN_UNDECLARED_SELECTOR = YES;
				GCC_WARN_UNINITIALIZED_AUTOS = YES_AGGRESSIVE;
				GCC_WARN_UNUSED_FUNCTION = YES;
				GCC_WARN_UNUSED_VARIABLE = YES;
				IPHONEOS_DEPLOYMENT_TARGET = 15.5;
				MTL_ENABLE_DEBUG_INFO = NO;
				MTL_FAST_MATH = YES;
				SDKROOT = iphoneos;
				SWIFT_COMPILATION_MODE = wholemodule;
				SWIFT_OPTIMIZATION_LEVEL = "-O";
				VALIDATE_PRODUCT = YES;
			};
			name = Release;
		};
		B6C4A49128A5496B0077DAA3 /* Debug */ = {
			isa = XCBuildConfiguration;
			buildSettings = {
				ASSETCATALOG_COMPILER_APPICON_NAME = AppIcon;
				ASSETCATALOG_COMPILER_GLOBAL_ACCENT_COLOR_NAME = AccentColor;
				CODE_SIGN_STYLE = Automatic;
				CURRENT_PROJECT_VERSION = 1;
				DEVELOPMENT_TEAM = RCLUGGB3X5;
				GENERATE_INFOPLIST_FILE = YES;
				INFOPLIST_FILE = TestMail/Resources/Info.plist;
				INFOPLIST_KEY_UIApplicationSupportsIndirectInputEvents = YES;
				INFOPLIST_KEY_UILaunchStoryboardName = LaunchScreen;
				INFOPLIST_KEY_UIMainStoryboardFile = Main;
				INFOPLIST_KEY_UISupportedInterfaceOrientations_iPad = "UIInterfaceOrientationPortrait UIInterfaceOrientationPortraitUpsideDown UIInterfaceOrientationLandscapeLeft UIInterfaceOrientationLandscapeRight";
				INFOPLIST_KEY_UISupportedInterfaceOrientations_iPhone = "UIInterfaceOrientationPortrait UIInterfaceOrientationLandscapeLeft UIInterfaceOrientationLandscapeRight";
				LD_RUNPATH_SEARCH_PATHS = (
					"$(inherited)",
					"@executable_path/Frameworks",
				);
				MARKETING_VERSION = 1.0;
				PRODUCT_BUNDLE_IDENTIFIER = com.my.TestMail;
				PRODUCT_NAME = "$(TARGET_NAME)";
				SWIFT_EMIT_LOC_STRINGS = YES;
				SWIFT_VERSION = 5.0;
				TARGETED_DEVICE_FAMILY = "1,2";
			};
			name = Debug;
		};
		B6C4A49228A5496B0077DAA3 /* Release */ = {
			isa = XCBuildConfiguration;
			buildSettings = {
				ASSETCATALOG_COMPILER_APPICON_NAME = AppIcon;
				ASSETCATALOG_COMPILER_GLOBAL_ACCENT_COLOR_NAME = AccentColor;
				CODE_SIGN_STYLE = Automatic;
				CURRENT_PROJECT_VERSION = 1;
				DEVELOPMENT_TEAM = RCLUGGB3X5;
				GENERATE_INFOPLIST_FILE = YES;
				INFOPLIST_FILE = TestMail/Resources/Info.plist;
				INFOPLIST_KEY_UIApplicationSupportsIndirectInputEvents = YES;
				INFOPLIST_KEY_UILaunchStoryboardName = LaunchScreen;
				INFOPLIST_KEY_UIMainStoryboardFile = Main;
				INFOPLIST_KEY_UISupportedInterfaceOrientations_iPad = "UIInterfaceOrientationPortrait UIInterfaceOrientationPortraitUpsideDown UIInterfaceOrientationLandscapeLeft UIInterfaceOrientationLandscapeRight";
				INFOPLIST_KEY_UISupportedInterfaceOrientations_iPhone = "UIInterfaceOrientationPortrait UIInterfaceOrientationLandscapeLeft UIInterfaceOrientationLandscapeRight";
				LD_RUNPATH_SEARCH_PATHS = (
					"$(inherited)",
					"@executable_path/Frameworks",
				);
				MARKETING_VERSION = 1.0;
				PRODUCT_BUNDLE_IDENTIFIER = com.my.TestMail;
				PRODUCT_NAME = "$(TARGET_NAME)";
				SWIFT_EMIT_LOC_STRINGS = YES;
				SWIFT_VERSION = 5.0;
				TARGETED_DEVICE_FAMILY = "1,2";
			};
			name = Release;
		};
/* End XCBuildConfiguration section */

/* Begin XCConfigurationList section */
		B6C4A47728A549680077DAA3 /* Build configuration list for PBXProject "TestMail" */ = {
			isa = XCConfigurationList;
			buildConfigurations = (
				B6C4A48E28A5496B0077DAA3 /* Debug */,
				B6C4A48F28A5496B0077DAA3 /* Release */,
			);
			defaultConfigurationIsVisible = 0;
			defaultConfigurationName = Release;
		};
		B6C4A49028A5496B0077DAA3 /* Build configuration list for PBXNativeTarget "TestMail" */ = {
			isa = XCConfigurationList;
			buildConfigurations = (
				B6C4A49128A5496B0077DAA3 /* Debug */,
				B6C4A49228A5496B0077DAA3 /* Release */,
			);
			defaultConfigurationIsVisible = 0;
			defaultConfigurationName = Release;
		};
/* End XCConfigurationList section */
	};
	rootObject = B6C4A47428A549680077DAA3 /* Project object */;
}
